
Microsoft Visual Studio Solution File, Format Version 12.00
# Visual Studio 2012
Project("{FAE04EC0-301F-11D3-BF4B-00C04F79EFBC}") = "CurrencyConverter", "CurrencyConverter\CurrencyConverter.csproj", "{EEC14621-B7A0-4EC4-9D1C-00E05B94E606}"
EndProject
Global
	GlobalSection(SolutionConfigurationPlatforms) = preSolution
		Debug|Any CPU = Debug|Any CPU
		Release|Any CPU = Release|Any CPU
	EndGlobalSection
	GlobalSection(ProjectConfigurationPlatforms) = postSolution
		{EEC14621-B7A0-4EC4-9D1C-00E05B94E606}.Debug|Any CPU.ActiveCfg = Debug|Any CPU
		{EEC14621-B7A0-4EC4-9D1C-00E05B94E606}.Debug|Any CPU.Build.0 = Debug|Any CPU
		{EEC14621-B7A0-4EC4-9D1C-00E05B94E606}.Release|Any CPU.ActiveCfg = Release|Any CPU
		{EEC14621-B7A0-4EC4-9D1C-00E05B94E606}.Release|Any CPU.Build.0 = Release|Any CPU
	EndGlobalSection
	GlobalSection(SolutionProperties) = preSolution
		HideSolutionNode = FALSE
	EndGlobalSection
EndGlobal
